GEM
  remote: https://rubygems.org/
  specs:
    bigdecimal (4.1.2)
    google-protobuf (4.35.0-arm64-darwin)
      bigdecimal
      rake (~> 13.3)
    google-protobuf (4.35.0-x86_64-darwin)
      bigdecimal
      rake (~> 13.3)
    rake (13.4.2)

PLATFORMS
  arm64-darwin-21
  arm64-darwin-23
  arm64-darwin-24
  arm64-darwin-25
  x86_64-darwin-20

DEPENDENCIES
  google-protobuf

BUNDLED WITH
  4.0.12
